
Microsoft Visual Studio Solution File, Format Version 12.00
# Visual Studio Version 17
VisualStudioVersion = 17.7.34024.191
MinimumVisualStudioVersion = 10.0.40219.1
Project("{FAE04EC0-301F-11D3-BF4B-00C04F79EFBC}") = "projectWeb2", "projectWeb2\projectWeb2.csproj", "{D275773C-347E-44F7-A419-8D92A0F0194D}"
EndProject
Global
	GlobalSection(SolutionConfigurationPlatforms) = preSolution
		Debug|Any CPU = Debug|Any CPU
		Release|Any CPU = Release|Any CPU
	EndGlobalSection
	GlobalSection(ProjectConfigurationPlatforms) = postSolution
		{D275773C-347E-44F7-A419-8D92A0F0194D}.Debug|Any CPU.ActiveCfg = Debug|Any CPU
		{D275773C-347E-44F7-A419-8D92A0F0194D}.Debug|Any CPU.Build.0 = Debug|Any CPU
		{D275773C-347E-44F7-A419-8D92A0F0194D}.Release|Any CPU.ActiveCfg = Release|Any CPU
		{D275773C-347E-44F7-A419-8D92A0F0194D}.Release|Any CPU.Build.0 = Release|Any CPU
	EndGlobalSection
	GlobalSection(SolutionProperties) = preSolution
		HideSolutionNode = FALSE
	EndGlobalSection
	GlobalSection(ExtensibilityGlobals) = postSolution
		SolutionGuid = {308A486B-EAAE-4C08-9730-835BD61BDF0D}
	EndGlobalSection
EndGlobal
